
Microsoft Visual Studio Solution File, Format Version 12.00
# Visual Studio Version 17
VisualStudioVersion = 17.14.36221.1 d17.14
MinimumVisualStudioVersion = 10.0.40219.1
Project("{FAE04EC0-301F-11D3-BF4B-00C04F79EFBC}") = "OpenImporter", "OpenImporter\OpenImporter.csproj", "{53225864-3EC2-437B-89FC-28CF84223AB3}"
EndProject
Global
	GlobalSection(SolutionConfigurationPlatforms) = preSolution
		Debug|Any CPU = Debug|Any CPU
		Release|Any CPU = Release|Any CPU
	EndGlobalSection
	GlobalSection(ProjectConfigurationPlatforms) = postSolution
		{53225864-3EC2-437B-89FC-28CF84223AB3}.Debug|Any CPU.ActiveCfg = Debug|Any CPU
		{53225864-3EC2-437B-89FC-28CF84223AB3}.Debug|Any CPU.Build.0 = Debug|Any CPU
		{53225864-3EC2-437B-89FC-28CF84223AB3}.Release|Any CPU.ActiveCfg = Release|Any CPU
		{53225864-3EC2-437B-89FC-28CF84223AB3}.Release|Any CPU.Build.0 = Release|Any CPU
	EndGlobalSection
	GlobalSection(SolutionProperties) = preSolution
		HideSolutionNode = FALSE
	EndGlobalSection
	GlobalSection(ExtensibilityGlobals) = postSolution
		SolutionGuid = {B2236099-4D42-4F2E-A15F-845547EE4A63}
	EndGlobalSection
EndGlobal
